
Microsoft Visual Studio Solution File, Format Version 12.00
# Visual Studio Version 17
VisualStudioVersion = 17.1.32319.34
MinimumVisualStudioVersion = 10.0.40219.1
Project("{FAE04EC0-301F-11D3-BF4B-00C04F79EFBC}") = "TemplateConsoleApp", "TemplateConsoleApp.csproj", "{C1068DBF-99DE-4F93-90C5-1700732EA24A}"
EndProject
Global
	GlobalSection(SolutionConfigurationPlatforms) = preSolution
		Debug|Any CPU = Debug|Any CPU
		Release|Any CPU = Release|Any CPU
	EndGlobalSection
	GlobalSection(ProjectConfigurationPlatforms) = postSolution
		{C1068DBF-99DE-4F93-90C5-1700732EA24A}.Debug|Any CPU.ActiveCfg = Debug|Any CPU
		{C1068DBF-99DE-4F93-90C5-1700732EA24A}.Debug|Any CPU.Build.0 = Debug|Any CPU
		{C1068DBF-99DE-4F93-90C5-1700732EA24A}.Release|Any CPU.ActiveCfg = Release|Any CPU
		{C1068DBF-99DE-4F93-90C5-1700732EA24A}.Release|Any CPU.Build.0 = Release|Any CPU
	EndGlobalSection
	GlobalSection(SolutionProperties) = preSolution
		HideSolutionNode = FALSE
	EndGlobalSection
	GlobalSection(ExtensibilityGlobals) = postSolution
		SolutionGuid = {47AF1765-2166-4684-A6D0-93C6900213AC}
	EndGlobalSection
EndGlobal
